
Microsoft Visual Studio Solution File, Format Version 12.00
# Visual Studio Version 16
VisualStudioVersion = 16.0.29123.88
MinimumVisualStudioVersion = 10.0.40219.1
Project("{888888A0-9F3D-457C-B088-3A5042F75D52}") = "GA_JumpIt", "GA_JumpIt\GA_JumpIt.pyproj", "{D9010ED2-26C2-42AD-A8F2-9EF489A855E6}"
EndProject
Global
	GlobalSection(SolutionConfigurationPlatforms) = preSolution
		Debug|Any CPU = Debug|Any CPU
		Release|Any CPU = Release|Any CPU
	EndGlobalSection
	GlobalSection(ProjectConfigurationPlatforms) = postSolution
		{D9010ED2-26C2-42AD-A8F2-9EF489A855E6}.Debug|Any CPU.ActiveCfg = Debug|Any CPU
		{D9010ED2-26C2-42AD-A8F2-9EF489A855E6}.Release|Any CPU.ActiveCfg = Release|Any CPU
	EndGlobalSection
	GlobalSection(SolutionProperties) = preSolution
		HideSolutionNode = FALSE
	EndGlobalSection
	GlobalSection(ExtensibilityGlobals) = postSolution
		SolutionGuid = {F72A147B-C155-4D97-B520-968B703EBCCA}
	EndGlobalSection
EndGlobal
